
Microsoft Visual Studio Solution File, Format Version 12.00
# Visual Studio Version 17
VisualStudioVersion = 17.1.32421.90
MinimumVisualStudioVersion = 10.0.40219.1
Project("{9A19103F-16F7-4668-BE54-9A1E7A4F7556}") = "ZMZ.Revit.Toolkit.Extension", "ZMZ.Revit.Toolkit.Extension\ZMZ.Revit.Toolkit.Extension.csproj", "{2B575783-6799-4DB6-A7BD-15247C48CACC}"
EndProject
Project("{9A19103F-16F7-4668-BE54-9A1E7A4F7556}") = "ZMZ.Revit.Entity", "ZMZ.Revit.Entity\ZMZ.Revit.Entity.csproj", "{CAF7F8D7-B50B-4CAC-A170-8BF763B43A53}"
EndProject
Project("{9A19103F-16F7-4668-BE54-9A1E7A4F7556}") = "ZMZ.Revit.Toolkit.Mvvm", "ZMZ.Revit.Mvvm\ZMZ.Revit.Toolkit.Mvvm.csproj", "{EB16835E-B0FE-4B21-98B5-981AEBA42D3B}"
EndProject
Project("{9A19103F-16F7-4668-BE54-9A1E7A4F7556}") = "ZMZ.Revit.Application", "ZMZ.Revit.Application\ZMZ.Revit.Application.csproj", "{755C9A36-2BC5-4CBE-9979-1ADBDE8A3D7B}"
EndProject
Project("{9A19103F-16F7-4668-BE54-9A1E7A4F7556}") = "ZMZ.Revit.UserControl", "ZMZ.Revit.UserControl\ZMZ.Revit.UserControl.csproj", "{B16F18BA-C10F-4BFE-9231-0FCD3AC83C77}"
EndProject
Project("{9A19103F-16F7-4668-BE54-9A1E7A4F7556}") = "ZMZ.Revit.Tuna", "ZMZ.Revit.Tuna\ZMZ.Revit.Tuna.csproj", "{AEFEF2CD-33E1-45D4-A073-FD6300E781CE}"
EndProject
Global
	GlobalSection(SolutionConfigurationPlatforms) = preSolution
		Debug|Any CPU = Debug|Any CPU
		Release|Any CPU = Release|Any CPU
		RVT_18|Any CPU = RVT_18|Any CPU
		RVT_19|Any CPU = RVT_19|Any CPU
		RVT_20|Any CPU = RVT_20|Any CPU
		RVT_21|Any CPU = RVT_21|Any CPU
		RVT_22|Any CPU = RVT_22|Any CPU
	EndGlobalSection
	GlobalSection(ProjectConfigurationPlatforms) = postSolution
		{2B575783-6799-4DB6-A7BD-15247C48CACC}.Debug|Any CPU.ActiveCfg = Debug|Any CPU
		{2B575783-6799-4DB6-A7BD-15247C48CACC}.Debug|Any CPU.Build.0 = Debug|Any CPU
		{2B575783-6799-4DB6-A7BD-15247C48CACC}.Release|Any CPU.ActiveCfg = Release|Any CPU
		{2B575783-6799-4DB6-A7BD-15247C48CACC}.Release|Any CPU.Build.0 = Release|Any CPU
		{2B575783-6799-4DB6-A7BD-15247C48CACC}.RVT_18|Any CPU.ActiveCfg = RVT_18|Any CPU
		{2B575783-6799-4DB6-A7BD-15247C48CACC}.RVT_18|Any CPU.Build.0 = RVT_18|Any CPU
		{2B575783-6799-4DB6-A7BD-15247C48CACC}.RVT_19|Any CPU.ActiveCfg = RVT_19|Any CPU
		{2B575783-6799-4DB6-A7BD-15247C48CACC}.RVT_19|Any CPU.Build.0 = RVT_19|Any CPU
		{2B575783-6799-4DB6-A7BD-15247C48CACC}.RVT_20|Any CPU.ActiveCfg = RVT_20|Any CPU
		{2B575783-6799-4DB6-A7BD-15247C48CACC}.RVT_20|Any CPU.Build.0 = RVT_20|Any CPU
		{2B575783-6799-4DB6-A7BD-15247C48CACC}.RVT_21|Any CPU.ActiveCfg = RVT_21|Any CPU
		{2B575783-6799-4DB6-A7BD-15247C48CACC}.RVT_21|Any CPU.Build.0 = RVT_21|Any CPU
		{2B575783-6799-4DB6-A7BD-15247C48CACC}.RVT_22|Any CPU.ActiveCfg = RVT_22|Any CPU
		{2B575783-6799-4DB6-A7BD-15247C48CACC}.RVT_22|Any CPU.Build.0 = RVT_22|Any CPU
		{CAF7F8D7-B50B-4CAC-A170-8BF763B43A53}.Debug|Any CPU.ActiveCfg = Debug|Any CPU
		{CAF7F8D7-B50B-4CAC-A170-8BF763B43A53}.Debug|Any CPU.Build.0 = Debug|Any CPU
		{CAF7F8D7-B50B-4CAC-A170-8BF763B43A53}.Release|Any CPU.ActiveCfg = Release|Any CPU
		{CAF7F8D7-B50B-4CAC-A170-8BF763B43A53}.Release|Any CPU.Build.0 = Release|Any CPU
		{CAF7F8D7-B50B-4CAC-A170-8BF763B43A53}.RVT_18|Any CPU.ActiveCfg = RVT_18|Any CPU
		{CAF7F8D7-B50B-4CAC-A170-8BF763B43A53}.RVT_18|Any CPU.Build.0 = RVT_18|Any CPU
		{CAF7F8D7-B50B-4CAC-A170-8BF763B43A53}.RVT_19|Any CPU.ActiveCfg = RVT_19|Any CPU
		{CAF7F8D7-B50B-4CAC-A170-8BF763B43A53}.RVT_19|Any CPU.Build.0 = RVT_19|Any CPU
		{CAF7F8D7-B50B-4CAC-A170-8BF763B43A53}.RVT_20|Any CPU.ActiveCfg = RVT_20|Any CPU
		{CAF7F8D7-B50B-4CAC-A170-8BF763B43A53}.RVT_20|Any CPU.Build.0 = RVT_20|Any CPU
		{CAF7F8D7-B50B-4CAC-A170-8BF763B43A53}.RVT_21|Any CPU.ActiveCfg = RVT_21|Any CPU
		{CAF7F8D7-B50B-4CAC-A170-8BF763B43A53}.RVT_21|Any CPU.Build.0 = RVT_21|Any CPU
		{CAF7F8D7-B50B-4CAC-A170-8BF763B43A53}.RVT_22|Any CPU.ActiveCfg = RVT_22|Any CPU
		{CAF7F8D7-B50B-4CAC-A170-8BF763B43A53}.RVT_22|Any CPU.Build.0 = RVT_22|Any CPU
		{EB16835E-B0FE-4B21-98B5-981AEBA42D3B}.Debug|Any CPU.ActiveCfg = Debug|Any CPU
		{EB16835E-B0FE-4B21-98B5-981AEBA42D3B}.Debug|Any CPU.Build.0 = Debug|Any CPU
		{EB16835E-B0FE-4B21-98B5-981AEBA42D3B}.Release|Any CPU.ActiveCfg = Release|Any CPU
		{EB16835E-B0FE-4B21-98B5-981AEBA42D3B}.Release|Any CPU.Build.0 = Release|Any CPU
		{EB16835E-B0FE-4B21-98B5-981AEBA42D3B}.RVT_18|Any CPU.ActiveCfg = RVT_18|Any CPU
		{EB16835E-B0FE-4B21-98B5-981AEBA42D3B}.RVT_18|Any CPU.Build.0 = RVT_18|Any CPU
		{EB16835E-B0FE-4B21-98B5-981AEBA42D3B}.RVT_19|Any CPU.ActiveCfg = RVT_19|Any CPU
		{EB16835E-B0FE-4B21-98B5-981AEBA42D3B}.RVT_19|Any CPU.Build.0 = RVT_19|Any CPU
		{EB16835E-B0FE-4B21-98B5-981AEBA42D3B}.RVT_20|Any CPU.ActiveCfg = RVT_20|Any CPU
		{EB16835E-B0FE-4B21-98B5-981AEBA42D3B}.RVT_20|Any CPU.Build.0 = RVT_20|Any CPU
		{EB16835E-B0FE-4B21-98B5-981AEBA42D3B}.RVT_21|Any CPU.ActiveCfg = RVT_21|Any CPU
		{EB16835E-B0FE-4B21-98B5-981AEBA42D3B}.RVT_21|Any CPU.Build.0 = RVT_21|Any CPU
		{EB16835E-B0FE-4B21-98B5-981AEBA42D3B}.RVT_22|Any CPU.ActiveCfg = RVT_22|Any CPU
		{EB16835E-B0FE-4B21-98B5-981AEBA42D3B}.RVT_22|Any CPU.Build.0 = RVT_22|Any CPU
		{755C9A36-2BC5-4CBE-9979-1ADBDE8A3D7B}.Debug|Any CPU.ActiveCfg = Debug|Any CPU
		{755C9A36-2BC5-4CBE-9979-1ADBDE8A3D7B}.Debug|Any CPU.Build.0 = Debug|Any CPU
		{755C9A36-2BC5-4CBE-9979-1ADBDE8A3D7B}.Release|Any CPU.ActiveCfg = Release|Any CPU
		{755C9A36-2BC5-4CBE-9979-1ADBDE8A3D7B}.Release|Any CPU.Build.0 = Release|Any CPU
		{755C9A36-2BC5-4CBE-9979-1ADBDE8A3D7B}.RVT_18|Any CPU.ActiveCfg = RVT_18|Any CPU
		{755C9A36-2BC5-4CBE-9979-1ADBDE8A3D7B}.RVT_18|Any CPU.Build.0 = RVT_18|Any CPU
		{755C9A36-2BC5-4CBE-9979-1ADBDE8A3D7B}.RVT_19|Any CPU.ActiveCfg = RVT_19|Any CPU
		{755C9A36-2BC5-4CBE-9979-1ADBDE8A3D7B}.RVT_19|Any CPU.Build.0 = RVT_19|Any CPU
		{755C9A36-2BC5-4CBE-9979-1ADBDE8A3D7B}.RVT_20|Any CPU.ActiveCfg = RVT_20|Any CPU
		{755C9A36-2BC5-4CBE-9979-1ADBDE8A3D7B}.RVT_20|Any CPU.Build.0 = RVT_20|Any CPU
		{755C9A36-2BC5-4CBE-9979-1ADBDE8A3D7B}.RVT_21|Any CPU.ActiveCfg = RVT_21|Any CPU
		{755C9A36-2BC5-4CBE-9979-1ADBDE8A3D7B}.RVT_21|Any CPU.Build.0 = RVT_21|Any CPU
		{755C9A36-2BC5-4CBE-9979-1ADBDE8A3D7B}.RVT_22|Any CPU.ActiveCfg = RVT_22|Any CPU
		{755C9A36-2BC5-4CBE-9979-1ADBDE8A3D7B}.RVT_22|Any CPU.Build.0 = RVT_22|Any CPU
		{B16F18BA-C10F-4BFE-9231-0FCD3AC83C77}.Debug|Any CPU.ActiveCfg = Debug|Any CPU
		{B16F18BA-C10F-4BFE-9231-0FCD3AC83C77}.Debug|Any CPU.Build.0 = Debug|Any CPU
		{B16F18BA-C10F-4BFE-9231-0FCD3AC83C77}.Release|Any CPU.ActiveCfg = Release|Any CPU
		{B16F18BA-C10F-4BFE-9231-0FCD3AC83C77}.Release|Any CPU.Build.0 = Release|Any CPU
		{B16F18BA-C10F-4BFE-9231-0FCD3AC83C77}.RVT_18|Any CPU.ActiveCfg = RVT_18|Any CPU
		{B16F18BA-C10F-4BFE-9231-0FCD3AC83C77}.RVT_18|Any CPU.Build.0 = RVT_18|Any CPU
		{B16F18BA-C10F-4BFE-9231-0FCD3AC83C77}.RVT_19|Any CPU.ActiveCfg = RVT_19|Any CPU
		{B16F18BA-C10F-4BFE-9231-0FCD3AC83C77}.RVT_19|Any CPU.Build.0 = RVT_19|Any CPU
		{B16F18BA-C10F-4BFE-9231-0FCD3AC83C77}.RVT_20|Any CPU.ActiveCfg = RVT_20|Any CPU
		{B16F18BA-C10F-4BFE-9231-0FCD3AC83C77}.RVT_20|Any CPU.Build.0 = RVT_20|Any CPU
		{B16F18BA-C10F-4BFE-9231-0FCD3AC83C77}.RVT_21|Any CPU.ActiveCfg = RVT_21|Any CPU
		{B16F18BA-C10F-4BFE-9231-0FCD3AC83C77}.RVT_21|Any CPU.Build.0 = RVT_21|Any CPU
		{B16F18BA-C10F-4BFE-9231-0FCD3AC83C77}.RVT_22|Any CPU.ActiveCfg = RVT_22|Any CPU
		{B16F18BA-C10F-4BFE-9231-0FCD3AC83C77}.RVT_22|Any CPU.Build.0 = RVT_22|Any CPU
		{AEFEF2CD-33E1-45D4-A073-FD6300E781CE}.Debug|Any CPU.ActiveCfg = Debug|Any CPU
		{AEFEF2CD-33E1-45D4-A073-FD6300E781CE}.Debug|Any CPU.Build.0 = Debug|Any CPU
		{AEFEF2CD-33E1-45D4-A073-FD6300E781CE}.Release|Any CPU.ActiveCfg = Release|Any CPU
		{AEFEF2CD-33E1-45D4-A073-FD6300E781CE}.Release|Any CPU.Build.0 = Release|Any CPU
		{AEFEF2CD-33E1-45D4-A073-FD6300E781CE}.RVT_18|Any CPU.ActiveCfg = RVT_18|Any CPU
		{AEFEF2CD-33E1-45D4-A073-FD6300E781CE}.RVT_18|Any CPU.Build.0 = RVT_18|Any CPU
		{AEFEF2CD-33E1-45D4-A073-FD6300E781CE}.RVT_19|Any CPU.ActiveCfg = RVT_19|Any CPU
		{AEFEF2CD-33E1-45D4-A073-FD6300E781CE}.RVT_19|Any CPU.Build.0 = RVT_19|Any CPU
		{AEFEF2CD-33E1-45D4-A073-FD6300E781CE}.RVT_20|Any CPU.ActiveCfg = RVT_20|Any CPU
		{AEFEF2CD-33E1-45D4-A073-FD6300E781CE}.RVT_20|Any CPU.Build.0 = RVT_20|Any CPU
		{AEFEF2CD-33E1-45D4-A073-FD6300E781CE}.RVT_21|Any CPU.ActiveCfg = RVT_21|Any CPU
		{AEFEF2CD-33E1-45D4-A073-FD6300E781CE}.RVT_21|Any CPU.Build.0 = RVT_21|Any CPU
		{AEFEF2CD-33E1-45D4-A073-FD6300E781CE}.RVT_22|Any CPU.ActiveCfg = RVT_22|Any CPU
		{AEFEF2CD-33E1-45D4-A073-FD6300E781CE}.RVT_22|Any CPU.Build.0 = RVT_22|Any CPU
	EndGlobalSection
	GlobalSection(SolutionProperties) = preSolution
		HideSolutionNode = FALSE
	EndGlobalSection
	GlobalSection(ExtensibilityGlobals) = postSolution
		SolutionGuid = {721F7171-D16E-4DED-A350-8B1FC9937231}
	EndGlobalSection
EndGlobal
